
Microsoft Visual Studio Solution File, Format Version 12.00
# Visual Studio Version 17
VisualStudioVersion = 17.4.33213.308
MinimumVisualStudioVersion = 10.0.40219.1
Project("{FAE04EC0-301F-11D3-BF4B-00C04F79EFBC}") = "BlogpostAPI", "BlogpostAPI\BlogpostAPI.csproj", "{2B9A68C2-C5B4-4AB4-A26D-E1D80472E48A}"
EndProject
Global
	GlobalSection(SolutionConfigurationPlatforms) = preSolution
		Debug|Any CPU = Debug|Any CPU
		Release|Any CPU = Release|Any CPU
	EndGlobalSection
	GlobalSection(ProjectConfigurationPlatforms) = postSolution
		{2B9A68C2-C5B4-4AB4-A26D-E1D80472E48A}.Debug|Any CPU.ActiveCfg = Debug|Any CPU
		{2B9A68C2-C5B4-4AB4-A26D-E1D80472E48A}.Debug|Any CPU.Build.0 = Debug|Any CPU
		{2B9A68C2-C5B4-4AB4-A26D-E1D80472E48A}.Release|Any CPU.ActiveCfg = Release|Any CPU
		{2B9A68C2-C5B4-4AB4-A26D-E1D80472E48A}.Release|Any CPU.Build.0 = Release|Any CPU
	EndGlobalSection
	GlobalSection(SolutionProperties) = preSolution
		HideSolutionNode = FALSE
	EndGlobalSection
	GlobalSection(ExtensibilityGlobals) = postSolution
		SolutionGuid = {D38763FC-F41C-4200-8CF9-5EAD4F86A5C2}
	EndGlobalSection
EndGlobal
